[[package]]
name = "aniso8601"
version = "7.0.0"
description = "A library for parsing ISO 8601 strings."
category = "main"
optional = false
python-versions = "*"

[[package]]
name = "anytree"
version = "2.8.0"
description = "Powerful and Lightweight Python Tree Data Structure.."
category = "main"
optional = false
python-versions = "*"

[package.dependencies]
six = ">=1.9.0"

[package.extras]
dev = ["check-manifest"]
test = ["coverage"]

[[package]]
name = "asgiref"
version = "3.5.0"
description = "ASGI specs, helper code, and adapters"
category = "main"
optional = false
python-versions = ">=3.7"

[package.dependencies]
typing-extensions = {version = "*", markers = "python_version < \"3.8\""}

[package.extras]
tests = ["pytest", "pytest-asyncio", "mypy (>=0.800)"]

[[package]]
name = "astor"
version = "0.8.1"
description = "Read/rewrite/write Python ASTs"
category = "dev"
optional = false
python-versions = "!=3.0.*,!=3.1.*,!=3.2.*,!=3.3.*,>=2.7"

[[package]]
name = "attrs"
version = "21.4.0"
description = "Classes Without Boilerplate"
category = "dev"
optional = false
python-versions = ">=2.7, !=3.0.*, !=3.1.*, !=3.2.*, !=3.3.*, !=3.4.*"

[package.extras]
dev = ["coverage[toml] (>=5.0.2)", "hypothesis", "pympler", "pytest (>=4.3.0)", "six", "mypy", "pytest-mypy-plugins", "zope.interface", "furo", "sphinx", "sphinx-notfound-page", "pre-commit", "cloudpickle"]
docs = ["furo", "sphinx", "zope.interface", "sphinx-notfound-page"]
tests = ["coverage[toml] (>=5.0.2)", "hypothesis", "pympler", "pytest (>=4.3.0)", "six", "mypy", "pytest-mypy-plugins", "zope.interface", "cloudpickle"]
tests_no_zope = ["coverage[toml] (>=5.0.2)", "hypothesis", "pympler", "pytest (>=4.3.0)", "six", "mypy", "pytest-mypy-plugins", "cloudpickle"]

[[package]]
name = "certifi"
version = "2021.10.8"
description = "Python package for providing Mozilla's CA Bundle."
category = "dev"
optional = false
python-versions = "*"

[[package]]
name = "cfgv"
version = "3.3.1"
description = "Validate configuration and produce human readable error messages."
category = "dev"
optional = false
python-versions = ">=3.6.1"

[[package]]
name = "charset-normalizer"
version = "2.0.12"
description = "The Real First Universal Charset Detector. Open, modern and actively maintained alternative to Chardet."
category = "dev"
optional = false
python-versions = ">=3.5.0"

[package.extras]
unicode_backport = ["unicodedata2"]

[[package]]
name = "coverage"
version = "6.3.2"
description = "Code coverage measurement for Python"
category = "dev"
optional = false
python-versions = ">=3.7"

[package.extras]
toml = ["tomli"]

[[package]]
name = "coveralls"
version = "3.3.1"
description = "Show coverage stats online via coveralls.io"
category = "dev"
optional = false
python-versions = ">= 3.5"

[package.dependencies]
coverage = ">=4.1,<6.0.0 || >6.1,<6.1.1 || >6.1.1,<7.0"
docopt = ">=0.6.1"
requests = ">=1.0.0"

[package.extras]
yaml = ["PyYAML (>=3.10)"]

[[package]]
name = "distlib"
version = "0.3.4"
description = "Distribution utilities"
category = "dev"
optional = false
python-versions = "*"

[[package]]
name = "django"
version = "3.2.13"
description = "A high-level Python Web framework that encourages rapid development and clean, pragmatic design."
category = "main"
optional = false
python-versions = ">=3.6"

[package.dependencies]
asgiref = ">=3.3.2,<4"
pytz = "*"
sqlparse = ">=0.2.2"

[package.extras]
argon2 = ["argon2-cffi (>=19.1.0)"]
bcrypt = ["bcrypt"]

[[package]]
name = "django-filter"
version = "21.1"
description = "Django-filter is a reusable Django application for allowing users to filter querysets dynamically."
category = "main"
optional = false
python-versions = ">=3.6"

[package.dependencies]
Django = ">=2.2"

[[package]]
name = "django-seed"
version = "0.3.1"
description = "Seed your Django project with fake data"
category = "dev"
optional = false
python-versions = "*"

[package.dependencies]
django = ">=1.11"
Faker = ">=0.7.7"
toposort = ">=1.5"

[[package]]
name = "docopt"
version = "0.6.2"
description = "Pythonic argument parser, that will make you smile"
category = "dev"
optional = false
python-versions = "*"

[[package]]
name = "eradicate"
version = "2.0.0"
description = "Removes commented-out code."
category = "dev"
optional = false
python-versions = "*"

[[package]]
name = "faker"
version = "13.3.4"
description = "Faker is a Python package that generates fake data for you."
category = "dev"
optional = false
python-versions = ">=3.6"

[package.dependencies]
python-dateutil = ">=2.4"
typing-extensions = {version = ">=3.10.0.2", markers = "python_version < \"3.8\""}

[[package]]
name = "filelock"
version = "3.6.0"
description = "A platform independent file lock."
category = "dev"
optional = false
python-versions = ">=3.7"

[package.extras]
docs = ["furo (>=2021.8.17b43)", "sphinx (>=4.1)", "sphinx-autodoc-typehints (>=1.12)"]
testing = ["covdefaults (>=1.2.0)", "coverage (>=4)", "pytest (>=4)", "pytest-cov", "pytest-timeout (>=1.4.2)"]

[[package]]
name = "flake8"
version = "4.0.1"
description = "the modular source code checker: pep8 pyflakes and co"
category = "dev"
optional = false
python-versions = ">=3.6"

[package.dependencies]
importlib-metadata = {version = "<4.3", markers = "python_version < \"3.8\""}
mccabe = ">=0.6.0,<0.7.0"
pycodestyle = ">=2.8.0,<2.9.0"
pyflakes = ">=2.4.0,<2.5.0"

[[package]]
name = "flake8-annotations"
version = "2.9.0"
description = "Flake8 Type Annotation Checks"
category = "dev"
optional = false
python-versions = ">=3.7,<4.0"

[package.dependencies]
attrs = ">=21.4,<22.0"
flake8 = ">=3.7"
typed-ast = {version = ">=1.4,<2.0", markers = "python_version < \"3.8\""}

[[package]]
name = "flake8-builtins"
version = "1.5.3"
description = "Check for python builtins being used as variables or parameters."
category = "dev"
optional = false
python-versions = "*"

[package.dependencies]
flake8 = "*"

[package.extras]
test = ["coverage", "coveralls", "mock", "pytest", "pytest-cov"]

[[package]]
name = "flake8-comprehensions"
version = "3.8.0"
description = "A flake8 plugin to help you write better list/set/dict comprehensions."
category = "dev"
optional = false
python-versions = ">=3.7"

[package.dependencies]
flake8 = ">=3.0,<3.2.0 || >3.2.0"
importlib-metadata = {version = "*", markers = "python_version < \"3.8\""}

[[package]]
name = "flake8-docstrings"
version = "1.6.0"
description = "Extension for flake8 which uses pydocstyle to check docstrings"
category = "dev"
optional = false
python-versions = "*"

[package.dependencies]
flake8 = ">=3"
pydocstyle = ">=2.1"

[[package]]
name = "flake8-eradicate"
version = "1.2.1"
description = "Flake8 plugin to find commented out code"
category = "dev"
optional = false
python-versions = ">=3.6,<4.0"

[package.dependencies]
attrs = "*"
eradicate = ">=2.0,<3.0"
flake8 = ">=3.5,<5"

[[package]]
name = "flake8-import-order"
version = "0.18.1"
description = "Flake8 and pylama plugin that checks the ordering of import statements."
category = "dev"
optional = false
python-versions = "*"

[package.dependencies]
pycodestyle = "*"

[[package]]
name = "flake8-polyfill"
version = "1.0.2"
description = "Polyfill package for Flake8 plugins"
category = "dev"
optional = false
python-versions = "*"

[package.dependencies]
flake8 = "*"

[[package]]
name = "flake8-quotes"
version = "3.3.1"
description = "Flake8 lint for quotes."
category = "dev"
optional = false
python-versions = "*"

[package.dependencies]
flake8 = "*"

[[package]]
name = "flake8-simplify"
version = "0.19.2"
description = "flake8 plugin which checks for code that can be simplified"
category = "dev"
optional = false
python-versions = ">=3.6.1"

[package.dependencies]
astor = ">=0.1"
flake8 = ">=3.7"
importlib-metadata = {version = ">=0.9", markers = "python_version < \"3.8\""}

[[package]]
name = "flake8-use-fstring"
version = "1.3"
description = "Flake8 plugin for string formatting style."
category = "dev"
optional = false
python-versions = ">=3.6"

[package.dependencies]
flake8 = ">=3"

[package.extras]
ci = ["coverage (>=4.0.0,<5.0.0)", "pytest (>=4)", "pytest-cov (>=2)", "flake8-builtins", "flake8-commas", "flake8-fixme", "flake8-print", "flake8-quotes", "flake8-todo", "coveralls"]
dev = ["coverage (>=4.0.0,<5.0.0)", "pytest (>=4)", "pytest-cov (>=2)", "flake8-builtins", "flake8-commas", "flake8-fixme", "flake8-print", "flake8-quotes", "flake8-todo"]
test = ["coverage (>=4.0.0,<5.0.0)", "pytest (>=4)", "pytest-cov (>=2)", "flake8-builtins", "flake8-commas", "flake8-fixme", "flake8-print", "flake8-quotes", "flake8-todo"]

[[package]]
name = "graphene"
version = "2.1.9"
description = "GraphQL Framework for Python"
category = "main"
optional = false
python-versions = "*"

[package.dependencies]
aniso8601 = ">=3,<=7"
graphql-core = ">=2.1,<3"
graphql-relay = ">=2,<3"
six = ">=1.10.0,<2"

[package.extras]
django = ["graphene-django"]
sqlalchemy = ["graphene-sqlalchemy"]
test = ["pytest", "pytest-benchmark", "pytest-cov", "pytest-mock", "fastdiff (==0.2.0)", "snapshottest", "coveralls", "promise", "six", "mock", "pytz", "iso8601"]

[[package]]
name = "graphene-django"
version = "2.15.0"
description = "Graphene Django integration"
category = "main"
optional = false
python-versions = "*"

[package.dependencies]
Django = ">=1.11"
graphene = ">=2.1.7,<3"
graphql-core = ">=2.1.0,<3"
promise = ">=2.1"
singledispatch = ">=3.4.0.3"
six = ">=1.10.0"
text-unidecode = "*"

[package.extras]
dev = ["black (==19.10b0)", "flake8 (==3.7.9)", "flake8-black (==0.1.1)", "flake8-bugbear (==20.1.4)", "pytest (>=3.6.3)", "pytest-cov", "coveralls", "mock", "pytz", "pytest-django (>=3.3.2)", "djangorestframework (>=3.6.3)", "django-filter (<2)", "django-filter (>=2)"]
rest_framework = ["djangorestframework (>=3.6.3)"]
test = ["pytest (>=3.6.3)", "pytest-cov", "coveralls", "mock", "pytz", "pytest-django (>=3.3.2)", "djangorestframework (>=3.6.3)", "django-filter (<2)", "django-filter (>=2)"]

[[package]]
name = "graphql-core"
version = "2.3.2"
description = "GraphQL implementation for Python"
category = "main"
optional = false
python-versions = "*"

[package.dependencies]
promise = ">=2.3,<3"
rx = ">=1.6,<2"
six = ">=1.10.0"

[package.extras]
gevent = ["gevent (>=1.1)"]
test = ["six (==1.14.0)", "pyannotate (==1.2.0)", "pytest (==4.6.10)", "pytest-django (==3.9.0)", "pytest-cov (==2.8.1)", "coveralls (==1.11.1)", "cython (==0.29.17)", "gevent (==1.5.0)", "pytest-benchmark (==3.2.3)", "pytest-mock (==2.0.0)"]

[[package]]
name = "graphql-relay"
version = "2.0.1"
description = "Relay implementation for Python"
category = "main"
optional = false
python-versions = "*"

[package.dependencies]
graphql-core = ">=2.2,<3"
promise = ">=2.2,<3"
six = ">=1.12"

[[package]]
name = "identify"
version = "2.4.12"
description = "File identification library for Python"
category = "dev"
optional = false
python-versions = ">=3.7"

[package.extras]
license = ["ukkonen"]

[[package]]
name = "idna"
version = "3.3"
description = "Internationalized Domain Names in Applications (IDNA)"
category = "dev"
optional = false
python-versions = ">=3.5"

[[package]]
name = "importlib-metadata"
version = "4.2.0"
description = "Read metadata from Python packages"
category = "dev"
optional = false
python-versions = ">=3.6"

[package.dependencies]
typing-extensions = {version = ">=3.6.4", markers = "python_version < \"3.8\""}
zipp = ">=0.5"

[package.extras]
docs = ["sphinx", "jaraco.packaging (>=8.2)", "rst.linker (>=1.9)"]
testing = ["pytest (>=4.6)", "pytest-checkdocs (>=2.4)", "pytest-flake8", "pytest-cov", "pytest-enabler (>=1.0.1)", "packaging", "pep517", "pyfakefs", "flufl.flake8", "pytest-black (>=0.3.7)", "pytest-mypy", "importlib-resources (>=1.3)"]

[[package]]
name = "mccabe"
version = "0.6.1"
description = "McCabe checker, plugin for flake8"
category = "dev"
optional = false
python-versions = "*"

[[package]]
name = "nodeenv"
version = "1.6.0"
description = "Node.js virtual environment builder"
category = "dev"
optional = false
python-versions = "*"

[[package]]
name = "pep8-naming"
version = "0.12.1"
description = "Check PEP-8 naming conventions, plugin for flake8"
category = "dev"
optional = false
python-versions = "*"

[package.dependencies]
flake8 = ">=3.9.1"
flake8-polyfill = ">=1.0.2,<2"

[[package]]
name = "platformdirs"
version = "2.5.1"
description = "A small Python module for determining appropriate platform-specific dirs, e.g. a \"user data dir\"."
category = "dev"
optional = false
python-versions = ">=3.7"

[package.extras]
docs = ["Sphinx (>=4)", "furo (>=2021.7.5b38)", "proselint (>=0.10.2)", "sphinx-autodoc-typehints (>=1.12)"]
test = ["appdirs (==1.4.4)", "pytest (>=6)", "pytest-cov (>=2.7)", "pytest-mock (>=3.6)"]

[[package]]
name = "pre-commit"
version = "2.20.0"
description = "A framework for managing and maintaining multi-language pre-commit hooks."
category = "dev"
optional = false
python-versions = ">=3.7"

[package.dependencies]
cfgv = ">=2.0.0"
identify = ">=1.0.0"
importlib-metadata = {version = "*", markers = "python_version < \"3.8\""}
nodeenv = ">=0.11.1"
pyyaml = ">=5.1"
toml = "*"
virtualenv = ">=20.0.8"

[[package]]
name = "promise"
version = "2.3"
description = "Promises/A+ implementation for Python"
category = "main"
optional = false
python-versions = "*"

[package.dependencies]
six = "*"

[package.extras]
test = ["pytest (>=2.7.3)", "pytest-cov", "coveralls", "futures", "pytest-benchmark", "mock"]

[[package]]
name = "psycopg2-binary"
version = "2.9.3"
description = "psycopg2 - Python-PostgreSQL Database Adapter"
category = "main"
optional = false
python-versions = ">=3.6"

[[package]]
name = "pycodestyle"
version = "2.8.0"
description = "Python style guide checker"
category = "dev"
optional = false
python-versions = ">=2.7, !=3.0.*, !=3.1.*, !=3.2.*, !=3.3.*, !=3.4.*"

[[package]]
name = "pydocstyle"
version = "6.1.1"
description = "Python docstring style checker"
category = "dev"
optional = false
python-versions = ">=3.6"

[package.dependencies]
snowballstemmer = "*"

[package.extras]
toml = ["toml"]

[[package]]
name = "pyflakes"
version = "2.4.0"
description = "passive checker of Python programs"
category = "dev"
optional = false
python-versions = ">=2.7, !=3.0.*, !=3.1.*, !=3.2.*, !=3.3.*"

[[package]]
name = "python-dateutil"
version = "2.8.2"
description = "Extensions to the standard Python datetime module"
category = "dev"
optional = false
python-versions = "!=3.0.*,!=3.1.*,!=3.2.*,>=2.7"

[package.dependencies]
six = ">=1.5"

[[package]]
name = "python-dotenv"
version = "0.20.0"
description = "Read key-value pairs from a .env file and set them as environment variables"
category = "dev"
optional = false
python-versions = ">=3.5"

[package.extras]
cli = ["click (>=5.0)"]

[[package]]
name = "pytz"
version = "2022.1"
description = "World timezone definitions, modern and historical"
category = "main"
optional = false
python-versions = "*"

[[package]]
name = "pyyaml"
version = "6.0"
description = "YAML parser and emitter for Python"
category = "dev"
optional = false
python-versions = ">=3.6"

[[package]]
name = "requests"
version = "2.27.1"
description = "Python HTTP for Humans."
category = "dev"
optional = false
python-versions = ">=2.7, !=3.0.*, !=3.1.*, !=3.2.*, !=3.3.*, !=3.4.*, !=3.5.*"

[package.dependencies]
certifi = ">=2017.4.17"
charset-normalizer = {version = ">=2.0.0,<2.1.0", markers = "python_version >= \"3\""}
idna = {version = ">=2.5,<4", markers = "python_version >= \"3\""}
urllib3 = ">=1.21.1,<1.27"

[package.extras]
socks = ["PySocks (>=1.5.6,!=1.5.7)", "win-inet-pton"]
use_chardet_on_py3 = ["chardet (>=3.0.2,<5)"]

[[package]]
name = "rx"
version = "1.6.1"
description = "Reactive Extensions (Rx) for Python"
category = "main"
optional = false
python-versions = "*"

[[package]]
name = "singledispatch"
version = "3.7.0"
description = "Backport functools.singledispatch from Python 3.4 to Python 2.6-3.3."
category = "main"
optional = false
python-versions = ">=2.6"

[package.dependencies]
six = "*"

[package.extras]
docs = ["sphinx", "jaraco.packaging (>=8.2)", "rst.linker (>=1.9)"]
testing = ["pytest (>=4.6)", "pytest-flake8", "pytest-cov", "pytest-black (>=0.3.7)", "unittest2", "pytest-checkdocs (>=2.4)"]

[[package]]
name = "six"
version = "1.16.0"
description = "Python 2 and 3 compatibility utilities"
category = "main"
optional = false
python-versions = ">=2.7, !=3.0.*, !=3.1.*, !=3.2.*"

[[package]]
name = "snowballstemmer"
version = "2.2.0"
description = "This package provides 29 stemmers for 28 languages generated from Snowball algorithms."
category = "dev"
optional = false
python-versions = "*"

[[package]]
name = "sqlparse"
version = "0.4.2"
description = "A non-validating SQL parser."
category = "main"
optional = false
python-versions = ">=3.5"

[[package]]
name = "stringcase"
version = "1.2.0"
description = "String case converter."
category = "main"
optional = false
python-versions = "*"

[[package]]
name = "text-unidecode"
version = "1.3"
description = "The most basic Text::Unidecode port"
category = "main"
optional = false
python-versions = "*"

[[package]]
name = "toml"
version = "0.10.2"
description = "Python Library for Tom's Obvious, Minimal Language"
category = "dev"
optional = false
python-versions = ">=2.6, !=3.0.*, !=3.1.*, !=3.2.*"

[[package]]
name = "toposort"
version = "1.7"
description = "\"Implements a topological sort algorithm.\""
category = "dev"
optional = false
python-versions = "*"

[[package]]
name = "typed-ast"
version = "1.5.2"
description = "a fork of Python 2 and 3 ast modules with type comment support"
category = "dev"
optional = false
python-versions = ">=3.6"

[[package]]
name = "typing-extensions"
version = "4.1.1"
description = "Backported and Experimental Type Hints for Python 3.6+"
category = "main"
optional = false
python-versions = ">=3.6"

[[package]]
name = "urllib3"
version = "1.26.9"
description = "HTTP library with thread-safe connection pooling, file post, and more."
category = "dev"
optional = false
python-versions = ">=2.7, !=3.0.*, !=3.1.*, !=3.2.*, !=3.3.*, !=3.4.*, <4"

[package.extras]
brotli = ["brotlicffi (>=0.8.0)", "brotli (>=1.0.9)", "brotlipy (>=0.6.0)"]
secure = ["pyOpenSSL (>=0.14)", "cryptography (>=1.3.4)", "idna (>=2.0.0)", "certifi", "ipaddress"]
socks = ["PySocks (>=1.5.6,!=1.5.7,<2.0)"]

[[package]]
name = "virtualenv"
version = "20.14.0"
description = "Virtual Python Environment builder"
category = "dev"
optional = false
python-versions = "!=3.0.*,!=3.1.*,!=3.2.*,!=3.3.*,!=3.4.*,>=2.7"

[package.dependencies]
distlib = ">=0.3.1,<1"
filelock = ">=3.2,<4"
importlib-metadata = {version = ">=0.12", markers = "python_version < \"3.8\""}
platformdirs = ">=2,<3"
six = ">=1.9.0,<2"

[package.extras]
docs = ["proselint (>=0.10.2)", "sphinx (>=3)", "sphinx-argparse (>=0.2.5)", "sphinx-rtd-theme (>=0.4.3)", "towncrier (>=21.3)"]
testing = ["coverage (>=4)", "coverage-enable-subprocess (>=1)", "flaky (>=3)", "pytest (>=4)", "pytest-env (>=0.6.2)", "pytest-freezegun (>=0.4.1)", "pytest-mock (>=2)", "pytest-randomly (>=1)", "pytest-timeout (>=1)", "packaging (>=20.0)"]

[[package]]
name = "wrapt"
version = "1.14.1"
description = "Module for decorators, wrappers and monkey patching."
category = "main"
optional = false
python-versions = "!=3.0.*,!=3.1.*,!=3.2.*,!=3.3.*,!=3.4.*,>=2.7"

[[package]]
name = "zipp"
version = "3.7.0"
description = "Backport of pathlib-compatible object wrapper for zip files"
category = "dev"
optional = false
python-versions = ">=3.7"

[package.extras]
docs = ["sphinx", "jaraco.packaging (>=8.2)", "rst.linker (>=1.9)"]
testing = ["pytest (>=6)", "pytest-checkdocs (>=2.4)", "pytest-flake8", "pytest-cov", "pytest-enabler (>=1.0.1)", "jaraco.itertools", "func-timeout", "pytest-black (>=0.3.7)", "pytest-mypy"]

[metadata]
lock-version = "1.1"
python-versions = ">=3.7,<4.0"
content-hash = "833825a0a51a0316d13f881711c3b92d187ae417aaa892fb074431c3e6f59cfb"

[metadata.files]
aniso8601 = []
anytree = []
asgiref = []
astor = []
attrs = []
certifi = []
cfgv = []
charset-normalizer = []
coverage = []
coveralls = []
distlib = []
django = []
django-filter = []
django-seed = []
docopt = []
eradicate = []
faker = []
filelock = []
flake8 = []
flake8-annotations = []
flake8-builtins = []
flake8-comprehensions = []
flake8-docstrings = []
flake8-eradicate = []
flake8-import-order = []
flake8-polyfill = []
flake8-quotes = []
flake8-simplify = []
flake8-use-fstring = []
graphene = []
graphene-django = []
graphql-core = []
graphql-relay = []
identify = []
idna = []
importlib-metadata = []
mccabe = []
nodeenv = []
pep8-naming = []
platformdirs = []
pre-commit = []
promise = []
psycopg2-binary = []
pycodestyle = []
pydocstyle = []
pyflakes = []
python-dateutil = []
python-dotenv = []
pytz = []
pyyaml = []
requests = []
rx = []
singledispatch = []
six = []
snowballstemmer = []
sqlparse = []
stringcase = []
text-unidecode = []
toml = []
toposort = []
typed-ast = []
typing-extensions = []
urllib3 = []
virtualenv = []
wrapt = []
zipp = []
