[[package]]
name = "aniso8601"
version = "9.0.1"
description = "A library for parsing ISO 8601 strings."
category = "main"
optional = false
python-versions = "*"

[package.extras]
dev = ["black", "coverage", "isort", "pre-commit", "pyenchant", "pylint"]

[[package]]
name = "graphene"
version = "3.0"
description = "GraphQL Framework for Python"
category = "main"
optional = false
python-versions = "*"

[package.dependencies]
aniso8601 = ">=8,<10"
graphql-core = ">=3.1.2,<3.2.0"
graphql-relay = ">=3.0,<4"

[package.extras]
dev = ["black (==19.10b0)", "flake8 (>=3.7,<4)", "pytest (>=5.3,<6)", "pytest-benchmark (>=3.2,<4)", "pytest-cov (>=2.8,<3)", "pytest-mock (>=2,<3)", "pytest-asyncio (>=0.10,<2)", "snapshottest (>=0.5,<1)", "coveralls (>=1.11,<2)", "promise (>=2.3,<3)", "mock (>=4.0,<5)", "pytz (==2021.1)", "iso8601 (>=0.1,<2)"]
test = ["pytest (>=5.3,<6)", "pytest-benchmark (>=3.2,<4)", "pytest-cov (>=2.8,<3)", "pytest-mock (>=2,<3)", "pytest-asyncio (>=0.10,<2)", "snapshottest (>=0.5,<1)", "coveralls (>=1.11,<2)", "promise (>=2.3,<3)", "mock (>=4.0,<5)", "pytz (==2021.1)", "iso8601 (>=0.1,<2)"]

[[package]]
name = "graphql-core"
version = "3.1.7"
description = "GraphQL implementation for Python, a port of GraphQL.js, the JavaScript reference implementation for GraphQL."
category = "main"
optional = false
python-versions = ">=3.6,<4"

[[package]]
name = "graphql-relay"
version = "3.1.0"
description = "Relay library for graphql-core"
category = "main"
optional = false
python-versions = ">=3.6,<4"

[package.dependencies]
graphql-core = ">=3.1"
typing-extensions = {version = ">=3.7,<4", markers = "python_version < \"3.8\""}

[[package]]
name = "typing-extensions"
version = "3.10.0.2"
description = "Backported and Experimental Type Hints for Python 3.5+"
category = "main"
optional = false
python-versions = "*"

[metadata]
lock-version = "1.1"
python-versions = "^3.6"
content-hash = "fbcca442ca5c6a45c330549cb5ec2e6b8388f55ed9c7508d16c56f6fc922ccf8"

[metadata.files]
aniso8601 = [
    {file = "aniso8601-9.0.1-py2.py3-none-any.whl", hash = "sha256:1d2b7ef82963909e93c4f24ce48d4de9e66009a21bf1c1e1c85bdd0812fe412f"},
    {file = "aniso8601-9.0.1.tar.gz", hash = "sha256:72e3117667eedf66951bb2d93f4296a56b94b078a8a95905a052611fb3f1b973"},
]
graphene = [
    {file = "graphene-3.0-py2.py3-none-any.whl", hash = "sha256:57ce5ee7c9dc194224a1df96e4f7cb48d31eae96c791091d059f8f3d4d131390"},
    {file = "graphene-3.0.tar.gz", hash = "sha256:af48066e152200a071aac1e0b703954c717ec7268720ba190a0c91d9bcb0a122"},
]
graphql-core = [
    {file = "graphql-core-3.1.7.tar.gz", hash = "sha256:62ec192150ccecd9a18cfb79e3e72eb7d1fd68fb594ef19c40099b6deec8ef0c"},
    {file = "graphql_core-3.1.7-py3-none-any.whl", hash = "sha256:9b460f60320be01c7f3b1766cf3e406933003008055079b9d983b8f3988f4400"},
]
graphql-relay = [
    {file = "graphql-relay-3.1.0.tar.gz", hash = "sha256:70d5a7ee5995ea7c2a9a37e51227663b1a464f1f40e98fdde950be5415dfe0b4"},
    {file = "graphql_relay-3.1.0-py3-none-any.whl", hash = "sha256:2cda0ac0199dd56c28ca4f6e0381cdcf5787809c06d1507df3c2a738f9ad846f"},
]
typing-extensions = [
    {file = "typing_extensions-3.10.0.2-py2-none-any.whl", hash = "sha256:d8226d10bc02a29bcc81df19a26e56a9647f8b0a6d4a83924139f4a8b01f17b7"},
    {file = "typing_extensions-3.10.0.2-py3-none-any.whl", hash = "sha256:f1d25edafde516b146ecd0613dabcc61409817af4766fbbcfb8d1ad4ec441a34"},
    {file = "typing_extensions-3.10.0.2.tar.gz", hash = "sha256:49f75d16ff11f1cd258e1b988ccff82a3ca5570217d7ad8c5f48205dd99a677e"},
]
